
Microsoft Visual Studio Solution File, Format Version 12.00
# Visual Studio 14
VisualStudioVersion = 14.0.25420.1
MinimumVisualStudioVersion = 10.0.40219.1
Project("{FAE04EC0-301F-11D3-BF4B-00C04F79EFBC}") = "SISTEMA_TEAPLC.UI", "SISTEMA_TEAPLC.UI\SISTEMA_TEAPLC.UI.csproj", "{44D9D648-38DD-43B4-B52C-0497EF9EA1BA}"
EndProject
Project("{FAE04EC0-301F-11D3-BF4B-00C04F79EFBC}") = "SISTEMA_TEAPLC.LN", "SISTEMA_TEAPLC.LN\SISTEMA_TEAPLC.LN.csproj", "{0587E13E-1FA1-4EB9-9666-0D408FF1C073}"
EndProject
Project("{FAE04EC0-301F-11D3-BF4B-00C04F79EFBC}") = "SISTEMA_TEAPLC.MODEL", "SISTEMA_TEAPLC.MODEL\SISTEMA_TEAPLC.MODEL.csproj", "{8B9B4AA5-0057-4010-ADE9-D7CAE2321E66}"
EndProject
Project("{FAE04EC0-301F-11D3-BF4B-00C04F79EFBC}") = "SISTEMA_TEAPLC.AD", "SISTEMA_TEAPLC.AD\SISTEMA_TEAPLC.AD.csproj", "{9CEA411E-D112-411C-80D2-E108502BC591}"
EndProject
Project("{54435603-DBB4-11D2-8724-00A0C9A8B90C}") = "SISTEMA_TEAPLC.Setup", "SISTEMA_TEAPLC.Setup\SISTEMA_TEAPLC.Setup.vdproj", "{54B1CADA-459E-4354-87AB-1937BEB4F6BB}"
EndProject
Global
	GlobalSection(SolutionConfigurationPlatforms) = preSolution
		Debug|Any CPU = Debug|Any CPU
		Release|Any CPU = Release|Any CPU
	EndGlobalSection
	GlobalSection(ProjectConfigurationPlatforms) = postSolution
		{44D9D648-38DD-43B4-B52C-0497EF9EA1BA}.Debug|Any CPU.ActiveCfg = Debug|Any CPU
		{44D9D648-38DD-43B4-B52C-0497EF9EA1BA}.Debug|Any CPU.Build.0 = Debug|Any CPU
		{44D9D648-38DD-43B4-B52C-0497EF9EA1BA}.Release|Any CPU.ActiveCfg = Release|Any CPU
		{44D9D648-38DD-43B4-B52C-0497EF9EA1BA}.Release|Any CPU.Build.0 = Release|Any CPU
		{0587E13E-1FA1-4EB9-9666-0D408FF1C073}.Debug|Any CPU.ActiveCfg = Debug|Any CPU
		{0587E13E-1FA1-4EB9-9666-0D408FF1C073}.Debug|Any CPU.Build.0 = Debug|Any CPU
		{0587E13E-1FA1-4EB9-9666-0D408FF1C073}.Release|Any CPU.ActiveCfg = Release|Any CPU
		{0587E13E-1FA1-4EB9-9666-0D408FF1C073}.Release|Any CPU.Build.0 = Release|Any CPU
		{8B9B4AA5-0057-4010-ADE9-D7CAE2321E66}.Debug|Any CPU.ActiveCfg = Debug|Any CPU
		{8B9B4AA5-0057-4010-ADE9-D7CAE2321E66}.Debug|Any CPU.Build.0 = Debug|Any CPU
		{8B9B4AA5-0057-4010-ADE9-D7CAE2321E66}.Release|Any CPU.ActiveCfg = Release|Any CPU
		{8B9B4AA5-0057-4010-ADE9-D7CAE2321E66}.Release|Any CPU.Build.0 = Release|Any CPU
		{9CEA411E-D112-411C-80D2-E108502BC591}.Debug|Any CPU.ActiveCfg = Debug|Any CPU
		{9CEA411E-D112-411C-80D2-E108502BC591}.Debug|Any CPU.Build.0 = Debug|Any CPU
		{9CEA411E-D112-411C-80D2-E108502BC591}.Release|Any CPU.ActiveCfg = Release|Any CPU
		{9CEA411E-D112-411C-80D2-E108502BC591}.Release|Any CPU.Build.0 = Release|Any CPU
		{54B1CADA-459E-4354-87AB-1937BEB4F6BB}.Debug|Any CPU.ActiveCfg = Debug
		{54B1CADA-459E-4354-87AB-1937BEB4F6BB}.Release|Any CPU.ActiveCfg = Release
	EndGlobalSection
	GlobalSection(SolutionProperties) = preSolution
		HideSolutionNode = FALSE
	EndGlobalSection
EndGlobal
